
Microsoft Visual Studio Solution File, Format Version 12.00
# Visual Studio Version 16
VisualStudioVersion = 16.0.31112.23
MinimumVisualStudioVersion = 10.0.40219.1
Project("{9A19103F-16F7-4668-BE54-9A1E7A4F7556}") = "DataAccess", "DataAccess\DataAccess.csproj", "{D7A8733F-3CC7-4CDB-86A7-78D0565339EB}"
EndProject
Project("{9A19103F-16F7-4668-BE54-9A1E7A4F7556}") = "Business", "Business\Business.csproj", "{DA6735B0-939F-4917-815F-6132E105983A}"
EndProject
Project("{9A19103F-16F7-4668-BE54-9A1E7A4F7556}") = "Entities", "Entities\Entities.csproj", "{A91E7A97-A8B4-4CEE-8A26-FEAF7210427A}"
EndProject
Project("{9A19103F-16F7-4668-BE54-9A1E7A4F7556}") = "ConsoleUI", "ConsoleUI\ConsoleUI.csproj", "{78948943-1C35-406D-85E5-987FA98B9BB5}"
EndProject
Project("{9A19103F-16F7-4668-BE54-9A1E7A4F7556}") = "Core", "Core\Core.csproj", "{ADE3A3F0-0E9E-4871-BB55-0EB5EF53EBC2}"
EndProject
Project("{FAE04EC0-301F-11D3-BF4B-00C04F79EFBC}") = "WebAPI", "WebAPI\WebAPI.csproj", "{6138477D-4857-4B02-AFC1-179FDF780EE5}"
EndProject
Global
	GlobalSection(SolutionConfigurationPlatforms) = preSolution
		Debug|Any CPU = Debug|Any CPU
		Release|Any CPU = Release|Any CPU
	EndGlobalSection
	GlobalSection(ProjectConfigurationPlatforms) = postSolution
		{D7A8733F-3CC7-4CDB-86A7-78D0565339EB}.Debug|Any CPU.ActiveCfg = Debug|Any CPU
		{D7A8733F-3CC7-4CDB-86A7-78D0565339EB}.Debug|Any CPU.Build.0 = Debug|Any CPU
		{D7A8733F-3CC7-4CDB-86A7-78D0565339EB}.Release|Any CPU.ActiveCfg = Release|Any CPU
		{D7A8733F-3CC7-4CDB-86A7-78D0565339EB}.Release|Any CPU.Build.0 = Release|Any CPU
		{DA6735B0-939F-4917-815F-6132E105983A}.Debug|Any CPU.ActiveCfg = Debug|Any CPU
		{DA6735B0-939F-4917-815F-6132E105983A}.Debug|Any CPU.Build.0 = Debug|Any CPU
		{DA6735B0-939F-4917-815F-6132E105983A}.Release|Any CPU.ActiveCfg = Release|Any CPU
		{DA6735B0-939F-4917-815F-6132E105983A}.Release|Any CPU.Build.0 = Release|Any CPU
		{A91E7A97-A8B4-4CEE-8A26-FEAF7210427A}.Debug|Any CPU.ActiveCfg = Debug|Any CPU
		{A91E7A97-A8B4-4CEE-8A26-FEAF7210427A}.Debug|Any CPU.Build.0 = Debug|Any CPU
		{A91E7A97-A8B4-4CEE-8A26-FEAF7210427A}.Release|Any CPU.ActiveCfg = Release|Any CPU
		{A91E7A97-A8B4-4CEE-8A26-FEAF7210427A}.Release|Any CPU.Build.0 = Release|Any CPU
		{78948943-1C35-406D-85E5-987FA98B9BB5}.Debug|Any CPU.ActiveCfg = Debug|Any CPU
		{78948943-1C35-406D-85E5-987FA98B9BB5}.Debug|Any CPU.Build.0 = Debug|Any CPU
		{78948943-1C35-406D-85E5-987FA98B9BB5}.Release|Any CPU.ActiveCfg = Release|Any CPU
		{78948943-1C35-406D-85E5-987FA98B9BB5}.Release|Any CPU.Build.0 = Release|Any CPU
		{ADE3A3F0-0E9E-4871-BB55-0EB5EF53EBC2}.Debug|Any CPU.ActiveCfg = Debug|Any CPU
		{ADE3A3F0-0E9E-4871-BB55-0EB5EF53EBC2}.Debug|Any CPU.Build.0 = Debug|Any CPU
		{ADE3A3F0-0E9E-4871-BB55-0EB5EF53EBC2}.Release|Any CPU.ActiveCfg = Release|Any CPU
		{ADE3A3F0-0E9E-4871-BB55-0EB5EF53EBC2}.Release|Any CPU.Build.0 = Release|Any CPU
		{6138477D-4857-4B02-AFC1-179FDF780EE5}.Debug|Any CPU.ActiveCfg = Debug|Any CPU
		{6138477D-4857-4B02-AFC1-179FDF780EE5}.Debug|Any CPU.Build.0 = Debug|Any CPU
		{6138477D-4857-4B02-AFC1-179FDF780EE5}.Release|Any CPU.ActiveCfg = Release|Any CPU
		{6138477D-4857-4B02-AFC1-179FDF780EE5}.Release|Any CPU.Build.0 = Release|Any CPU
	EndGlobalSection
	GlobalSection(SolutionProperties) = preSolution
		HideSolutionNode = FALSE
	EndGlobalSection
	GlobalSection(ExtensibilityGlobals) = postSolution
		SolutionGuid = {CA29F741-A4FF-4FF8-AA2D-D83FA675299A}
	EndGlobalSection
EndGlobal
